
Microsoft Visual Studio Solution File, Format Version 12.00
# Visual Studio Version 16
VisualStudioVersion = 16.0.29728.190
MinimumVisualStudioVersion = 10.0.40219.1
Project("{FAE04EC0-301F-11D3-BF4B-00C04F79EFBC}") = "MathLibrary", "MathLibrary\MathLibrary.csproj", "{9F4A323A-E868-4529-80D7-A16C287EF04D}"
EndProject
Global
	GlobalSection(SolutionConfigurationPlatforms) = preSolution
		Debug|Any CPU = Debug|Any CPU
		Release|Any CPU = Release|Any CPU
	EndGlobalSection
	GlobalSection(ProjectConfigurationPlatforms) = postSolution
		{9F4A323A-E868-4529-80D7-A16C287EF04D}.Debug|Any CPU.ActiveCfg = Debug|Any CPU
		{9F4A323A-E868-4529-80D7-A16C287EF04D}.Debug|Any CPU.Build.0 = Debug|Any CPU
		{9F4A323A-E868-4529-80D7-A16C287EF04D}.Release|Any CPU.ActiveCfg = Release|Any CPU
		{9F4A323A-E868-4529-80D7-A16C287EF04D}.Release|Any CPU.Build.0 = Release|Any CPU
	EndGlobalSection
	GlobalSection(SolutionProperties) = preSolution
		HideSolutionNode = FALSE
	EndGlobalSection
	GlobalSection(ExtensibilityGlobals) = postSolution
		SolutionGuid = {ADF0A02D-3FED-4293-B860-EC16D15BF24F}
	EndGlobalSection
EndGlobal
